
Microsoft Visual Studio Solution File, Format Version 12.00
# Visual Studio Version 16
VisualStudioVersion = 16.0.29326.143
MinimumVisualStudioVersion = 10.0.40219.1
Project("{FAE04EC0-301F-11D3-BF4B-00C04F79EFBC}") = "perimeter and area", "perimeter and area\perimeter and area.csproj", "{313A10E1-CD68-4D52-B21D-CD1BACC0269E}"
EndProject
Global
	GlobalSection(SolutionConfigurationPlatforms) = preSolution
		Debug|Any CPU = Debug|Any CPU
		Release|Any CPU = Release|Any CPU
	EndGlobalSection
	GlobalSection(ProjectConfigurationPlatforms) = postSolution
		{313A10E1-CD68-4D52-B21D-CD1BACC0269E}.Debug|Any CPU.ActiveCfg = Debug|Any CPU
		{313A10E1-CD68-4D52-B21D-CD1BACC0269E}.Debug|Any CPU.Build.0 = Debug|Any CPU
		{313A10E1-CD68-4D52-B21D-CD1BACC0269E}.Release|Any CPU.ActiveCfg = Release|Any CPU
		{313A10E1-CD68-4D52-B21D-CD1BACC0269E}.Release|Any CPU.Build.0 = Release|Any CPU
	EndGlobalSection
	GlobalSection(SolutionProperties) = preSolution
		HideSolutionNode = FALSE
	EndGlobalSection
	GlobalSection(ExtensibilityGlobals) = postSolution
		SolutionGuid = {17553518-3566-4418-9F18-3C0EA2DFCA21}
	EndGlobalSection
EndGlobal
